[root]
name = "reverse_complement"
version = "0.1.0"
dependencies = [
 "crossbeam 0.2.10 (registry+https://github.com/rust-lang/crates.io-index)",
 "libc 0.2.20 (registry+https://github.com/rust-lang/crates.io-index)",
 "num_cpus 1.2.1 (registry+https://github.com/rust-lang/crates.io-index)",
]

[[package]]
name = "crossbeam"
version = "0.2.10"
source = "registry+https://github.com/rust-lang/crates.io-index"

[[package]]
name = "libc"
version = "0.2.20"
source = "registry+https://github.com/rust-lang/crates.io-index"

[[package]]
name = "num_cpus"
version = "1.2.1"
source = "registry+https://github.com/rust-lang/crates.io-index"
dependencies = [
 "libc 0.2.20 (registry+https://github.com/rust-lang/crates.io-index)",
]

[metadata]
"checksum crossbeam 0.2.10 (registry+https://github.com/rust-lang/crates.io-index)" = "0c5ea215664ca264da8a9d9c3be80d2eaf30923c259d03e870388eb927508f97"
"checksum libc 0.2.20 (registry+https://github.com/rust-lang/crates.io-index)" = "684f330624d8c3784fb9558ca46c4ce488073a8d22450415c5eb4f4cfb0d11b5"
"checksum num_cpus 1.2.1 (registry+https://github.com/rust-lang/crates.io-index)" = "a225d1e2717567599c24f88e49f00856c6e825a12125181ee42c4257e3688d39"
